
Microsoft Visual Studio Solution File, Format Version 12.00
# Visual Studio 15
VisualStudioVersion = 15.0.27004.2005
MinimumVisualStudioVersion = 10.0.40219.1
Project("{FAE04EC0-301F-11D3-BF4B-00C04F79EFBC}") = "App", "App\App.csproj", "{502FD99D-A361-4C83-985E-7A7DEDEF5267}"
EndProject
Project("{2150E333-8FDC-42A3-9474-1A3956D46DE8}") = "ChapterOne", "ChapterOne", "{D555D7EE-A846-49E9-B886-123A8C7C6D28}"
EndProject
Project("{FAE04EC0-301F-11D3-BF4B-00C04F79EFBC}") = "ArrayProblems", "ChapterOne\ArrayProblems\ArrayProblems.csproj", "{D220AE96-C2A3-451C-8AA4-0FA3D2985724}"
EndProject
Project("{FAE04EC0-301F-11D3-BF4B-00C04F79EFBC}") = "BookProblems", "ChapterOne\BookProblems\BookProblems.csproj", "{95E937B9-996F-4888-AA1B-4250BD9619E7}"
EndProject
Project("{FAE04EC0-301F-11D3-BF4B-00C04F79EFBC}") = "OwnListBasedOnArray", "ChapterOne\OwnListBasedOnArray\OwnListBasedOnArray.csproj", "{87DF42B2-7C84-460F-B460-1AB873D29A76}"
EndProject
Project("{FAE04EC0-301F-11D3-BF4B-00C04F79EFBC}") = "SortingAlgorithms", "ChapterOne\SortingAlgorithms\SortingAlgorithms.csproj", "{4167A4CB-9A5E-45E7-B271-F27A9F0BC46B}"
EndProject
Global
	GlobalSection(SolutionConfigurationPlatforms) = preSolution
		Debug|Any CPU = Debug|Any CPU
		Release|Any CPU = Release|Any CPU
	EndGlobalSection
	GlobalSection(ProjectConfigurationPlatforms) = postSolution
		{502FD99D-A361-4C83-985E-7A7DEDEF5267}.Debug|Any CPU.ActiveCfg = Debug|Any CPU
		{502FD99D-A361-4C83-985E-7A7DEDEF5267}.Debug|Any CPU.Build.0 = Debug|Any CPU
		{502FD99D-A361-4C83-985E-7A7DEDEF5267}.Release|Any CPU.ActiveCfg = Release|Any CPU
		{502FD99D-A361-4C83-985E-7A7DEDEF5267}.Release|Any CPU.Build.0 = Release|Any CPU
		{D220AE96-C2A3-451C-8AA4-0FA3D2985724}.Debug|Any CPU.ActiveCfg = Debug|Any CPU
		{D220AE96-C2A3-451C-8AA4-0FA3D2985724}.Debug|Any CPU.Build.0 = Debug|Any CPU
		{D220AE96-C2A3-451C-8AA4-0FA3D2985724}.Release|Any CPU.ActiveCfg = Release|Any CPU
		{D220AE96-C2A3-451C-8AA4-0FA3D2985724}.Release|Any CPU.Build.0 = Release|Any CPU
		{95E937B9-996F-4888-AA1B-4250BD9619E7}.Debug|Any CPU.ActiveCfg = Debug|Any CPU
		{95E937B9-996F-4888-AA1B-4250BD9619E7}.Debug|Any CPU.Build.0 = Debug|Any CPU
		{95E937B9-996F-4888-AA1B-4250BD9619E7}.Release|Any CPU.ActiveCfg = Release|Any CPU
		{95E937B9-996F-4888-AA1B-4250BD9619E7}.Release|Any CPU.Build.0 = Release|Any CPU
		{87DF42B2-7C84-460F-B460-1AB873D29A76}.Debug|Any CPU.ActiveCfg = Debug|Any CPU
		{87DF42B2-7C84-460F-B460-1AB873D29A76}.Debug|Any CPU.Build.0 = Debug|Any CPU
		{87DF42B2-7C84-460F-B460-1AB873D29A76}.Release|Any CPU.ActiveCfg = Release|Any CPU
		{87DF42B2-7C84-460F-B460-1AB873D29A76}.Release|Any CPU.Build.0 = Release|Any CPU
		{4167A4CB-9A5E-45E7-B271-F27A9F0BC46B}.Debug|Any CPU.ActiveCfg = Debug|Any CPU
		{4167A4CB-9A5E-45E7-B271-F27A9F0BC46B}.Debug|Any CPU.Build.0 = Debug|Any CPU
		{4167A4CB-9A5E-45E7-B271-F27A9F0BC46B}.Release|Any CPU.ActiveCfg = Release|Any CPU
		{4167A4CB-9A5E-45E7-B271-F27A9F0BC46B}.Release|Any CPU.Build.0 = Release|Any CPU
	EndGlobalSection
	GlobalSection(SolutionProperties) = preSolution
		HideSolutionNode = FALSE
	EndGlobalSection
	GlobalSection(NestedProjects) = preSolution
		{D220AE96-C2A3-451C-8AA4-0FA3D2985724} = {D555D7EE-A846-49E9-B886-123A8C7C6D28}
		{95E937B9-996F-4888-AA1B-4250BD9619E7} = {D555D7EE-A846-49E9-B886-123A8C7C6D28}
		{87DF42B2-7C84-460F-B460-1AB873D29A76} = {D555D7EE-A846-49E9-B886-123A8C7C6D28}
		{4167A4CB-9A5E-45E7-B271-F27A9F0BC46B} = {D555D7EE-A846-49E9-B886-123A8C7C6D28}
	EndGlobalSection
	GlobalSection(ExtensibilityGlobals) = postSolution
		SolutionGuid = {0159B13C-4386-439B-87A6-CCD86FCA428E}
	EndGlobalSection
EndGlobal
